// !$*UTF8*$!
{
	archiveVersion = 1;
	classes = {
	};
	objectVersion = 46;
	objects = {

/* Begin PBXBuildFile section */
		C47CA03C1F42DC910030BEC4 /* main.m in Sources */ = {isa = PBXBuildFile; fileRef = C47CA03B1F42DC910030BEC4 /* main.m */; };
		C47CA03F1F42DC910030BEC4 /* AppDelegate.m in Sources */ = {isa = PBXBuildFile; fileRef = C47CA03E1F42DC910030BEC4 /* AppDelegate.m */; };
		C47CA0421F42DC910030BEC4 /* ViewController.m in Sources */ = {isa = PBXBuildFile; fileRef = C47CA0411F42DC910030BEC4 /* ViewController.m */; };
		C47CA0451F42DC910030BEC4 /* Main.storyboard in Resources */ = {isa = PBXBuildFile; fileRef = C47CA0431F42DC910030BEC4 /* Main.storyboard */; };
		C47CA0471F42DC910030BEC4 /* Assets.xcassets in Resources */ = {isa = PBXBuildFile; fileRef = C47CA0461F42DC910030BEC4 /* Assets.xcassets */; };
		C47CA04A1F42DC910030BEC4 /* LaunchScreen.storyboard in Resources */ = {isa = PBXBuildFile; fileRef = C47CA0481F42DC910030BEC4 /* LaunchScreen.storyboard */; };
/* End PBXBuildFile section */

/* Begin PBXFileReference section */
		C47CA0371F42DC910030BEC4 /* TargetList.app */ = {isa = PBXFileReference; explicitFileType = wrapper.application; includeInIndex = 0; path = TargetList.app; sourceTree = BUILT_PRODUCTS_DIR; };
		C47CA03B1F42DC910030BEC4 /* main.m */ = {isa = PBXFileReference; lastKnownFileType = sourcecode.c.objc; path = main.m; sourceTree = "<group>"; };
		C47CA03D1F42DC910030BEC4 /* AppDelegate.h */ = {isa = PBXFileReference; lastKnownFileType = sourcecode.c.h; path = AppDelegate.h; sourceTree = "<group>"; };
		C47CA03E1F42DC910030BEC4 /* AppDelegate.m */ = {isa = PBXFileReference; lastKnownFileType = sourcecode.c.objc; path = AppDelegate.m; sourceTree = "<group>"; };
		C47CA0401F42DC910030BEC4 /* ViewController.h */ = {isa = PBXFileReference; lastKnownFileType = sourcecode.c.h; path = ViewController.h; sourceTree = "<group>"; };
		C47CA0411F42DC910030BEC4 /* ViewController.m */ = {isa = PBXFileReference; lastKnownFileType = sourcecode.c.objc; path = ViewController.m; sourceTree = "<group>"; };
		C47CA0441F42DC910030BEC4 /* Base */ = {isa = PBXFileReference; lastKnownFileType = file.storyboard; name = Base; path = Base.lproj/Main.storyboard; sourceTree = "<group>"; };
		C47CA0461F42DC910030BEC4 /* Assets.xcassets */ = {isa = PBXFileReference; lastKnownFileType = folder.assetcatalog; path = Assets.xcassets; sourceTree = "<group>"; };
		C47CA0491F42DC910030BEC4 /* Base */ = {isa = PBXFileReference; lastKnownFileType = file.storyboard; name = Base; path = Base.lproj/LaunchScreen.storyboard; sourceTree = "<group>"; };
		C47CA04B1F42DC910030BEC4 /* Info.plist */ = {isa = PBXFileReference; lastKnownFileType = text.plist.xml; path = Info.plist; sourceTree = "<group>"; };
/* End PBXFileReference section */

/* Begin PBXFrameworksBuildPhase section */
		C47CA0341F42DC910030BEC4 /* Frameworks */ = {
			isa = PBXFrameworksBuildPhase;
			buildActionMask = 2147483647;
			files = (
			);
			runOnlyForDeploymentPostprocessing = 0;
		};
/* End PBXFrameworksBuildPhase section */

/* Begin PBXGroup section */
		C47CA02E1F42DC910030BEC4 = {
			isa = PBXGroup;
			children = (
				C47CA0391F42DC910030BEC4 /* TargetList */,
				C47CA0381F42DC910030BEC4 /* Products */,
			);
			sourceTree = "<group>";
		};
		C47CA0381F42DC910030BEC4 /* Products */ = {
			isa = PBXGroup;
			children = (
				C47CA0371F42DC910030BEC4 /* TargetList.app */,
			);
			name = Products;
			sourceTree = "<group>";
		};
		C47CA0391F42DC910030BEC4 /* TargetList */ = {
			isa = PBXGroup;
			children = (
				C47CA03D1F42DC910030BEC4 /* AppDelegate.h */,
				C47CA03E1F42DC910030BEC4 /* AppDelegate.m */,
				C47CA0401F42DC910030BEC4 /* ViewController.h */,
				C47CA0411F42DC910030BEC4 /* ViewController.m */,
				C47CA0431F42DC910030BEC4 /* Main.storyboard */,
				C47CA0461F42DC910030BEC4 /* Assets.xcassets */,
				C47CA0481F42DC910030BEC4 /* LaunchScreen.storyboard */,
				C47CA04B1F42DC910030BEC4 /* Info.plist */,
				C47CA03A1F42DC910030BEC4 /* Supporting Files */,
			);
			path = TargetList;
			sourceTree = "<group>";
		};
		C47CA03A1F42DC910030BEC4 /* Supporting Files */ = {
			isa = PBXGroup;
			children = (
				C47CA03B1F42DC910030BEC4 /* main.m */,
			);
			name = "Supporting Files";
			sourceTree = "<group>";
		};
/* End PBXGroup section */

/* Begin PBXNativeTarget section */
		C47CA0361F42DC910030BEC4 /* TargetList */ = {
			isa = PBXNativeTarget;
			buildConfigurationList = C47CA04E1F42DC910030BEC4 /* Build configuration list for PBXNativeTarget "TargetList" */;
			buildPhases = (
				C47CA0331F42DC910030BEC4 /* Sources */,
				C47CA0341F42DC910030BEC4 /* Frameworks */,
				C47CA0351F42DC910030BEC4 /* Resources */,
			);
			buildRules = (
			);
			dependencies = (
			);
			name = TargetList;
			productName = TargetList;
			productReference = C47CA0371F42DC910030BEC4 /* TargetList.app */;
			productType = "com.apple.product-type.application";
		};
/* End PBXNativeTarget section */

/* Begin PBXProject section */
		C47CA02F1F42DC910030BEC4 /* Project object */ = {
			isa = PBXProject;
			attributes = {
				LastUpgradeCheck = 0830;
				ORGANIZATIONNAME = Jerry;
				TargetAttributes = {
					C47CA0361F42DC910030BEC4 = {
						CreatedOnToolsVersion = 8.3.3;
						DevelopmentTeam = 2SV488327T;
						ProvisioningStyle = Automatic;
					};
				};
			};
			buildConfigurationList = C47CA0321F42DC910030BEC4 /* Build configuration list for PBXProject "TargetList" */;
			compatibilityVersion = "Xcode 3.2";
			developmentRegion = English;
			hasScannedForEncodings = 0;
			knownRegions = (
				en,
				Base,
			);
			mainGroup = C47CA02E1F42DC910030BEC4;
			productRefGroup = C47CA0381F42DC910030BEC4 /* Products */;
			projectDirPath = "";
			projectRoot = "";
			targets = (
				C47CA0361F42DC910030BEC4 /* TargetList */,
			);
		};
/* End PBXProject section */

/* Begin PBXResourcesBuildPhase section */
		C47CA0351F42DC910030BEC4 /* Resources */ = {
			isa = PBXResourcesBuildPhase;
			buildActionMask = 2147483647;
			files = (
				C47CA04A1F42DC910030BEC4 /* LaunchScreen.storyboard in Resources */,
				C47CA0471F42DC910030BEC4 /* Assets.xcassets in Resources */,
				C47CA0451F42DC910030BEC4 /* Main.storyboard in Resources */,
			);
			runOnlyForDeploymentPostprocessing = 0;
		};
/* End PBXResourcesBuildPhase section */

/* Begin PBXSourcesBuildPhase section */
		C47CA0331F42DC910030BEC4 /* Sources */ = {
			isa = PBXSourcesBuildPhase;
			buildActionMask = 2147483647;
			files = (
				C47CA0421F42DC910030BEC4 /* ViewController.m in Sources */,
				C47CA03F1F42DC910030BEC4 /* AppDelegate.m in Sources */,
				C47CA03C1F42DC910030BEC4 /* main.m in Sources */,
			);
			runOnlyForDeploymentPostprocessing = 0;
		};
/* End PBXSourcesBuildPhase section */

/* Begin PBXVariantGroup section */
		C47CA0431F42DC910030BEC4 /* Main.storyboard */ = {
			isa = PBXVariantGroup;
			children = (
				C47CA0441F42DC910030BEC4 /* Base */,
			);
			name = Main.storyboard;
			sourceTree = "<group>";
		};
		C47CA0481F42DC910030BEC4 /* LaunchScreen.storyboard */ = {
			isa = PBXVariantGroup;
			children = (
				C47CA0491F42DC910030BEC4 /* Base */,
			);
			name = LaunchScreen.storyboard;
			sourceTree = "<group>";
		};
/* End PBXVariantGroup section */

/* Begin XCBuildConfiguration section */
		C47CA04C1F42DC910030BEC4 /* Debug */ = {
			isa = XCBuildConfiguration;
			buildSettings = {
				ALWAYS_SEARCH_USER_PATHS = NO;
				CLANG_ANALYZER_NONNULL = YES;
				CLANG_ANALYZER_NUMBER_OBJECT_CONVERSION = YES_AGGRESSIVE;
				CLANG_CXX_LANGUAGE_STANDARD = "gnu++0x";
				CLANG_CXX_LIBRARY = "libc++";
				CLANG_ENABLE_MODULES = YES;
				CLANG_ENABLE_OBJC_ARC = YES;
				CLANG_WARN_BOOL_CONVERSION = YES;
				CLANG_WARN_CONSTANT_CONVERSION = YES;
				CLANG_WARN_DIRECT_OBJC_ISA_USAGE = YES_ERROR;
				CLANG_WARN_DOCUMENTATION_COMMENTS = YES;
				CLANG_WARN_EMPTY_BODY = YES;
				CLANG_WARN_ENUM_CONVERSION = YES;
				CLANG_WARN_INFINITE_RECURSION = YES;
				CLANG_WARN_INT_CONVERSION = YES;
				CLANG_WARN_OBJC_ROOT_CLASS = YES_ERROR;
				CLANG_WARN_SUSPICIOUS_MOVE = YES;
				CLANG_WARN_UNREACHABLE_CODE = YES;
				CLANG_WARN__DUPLICATE_METHOD_MATCH = YES;
				"CODE_SIGN_IDENTITY[sdk=iphoneos*]" = "iPhone Developer";
				COPY_PHASE_STRIP = NO;
				DEBUG_INFORMATION_FORMAT = dwarf;
				ENABLE_STRICT_OBJC_MSGSEND = YES;
				ENABLE_TESTABILITY = YES;
				GCC_C_LANGUAGE_STANDARD = gnu99;
				GCC_DYNAMIC_NO_PIC = NO;
				GCC_NO_COMMON_BLOCKS = YES;
				GCC_OPTIMIZATION_LEVEL = 0;
				GCC_PREPROCESSOR_DEFINITIONS = (
					"DEBUG=1",
					"$(inherited)",
				);
				GCC_WARN_64_TO_32_BIT_CONVERSION = YES;
				GCC_WARN_ABOUT_RETURN_TYPE = YES_ERROR;
				GCC_WARN_UNDECLARED_SELECTOR = YES;
				GCC_WARN_UNINITIALIZED_AUTOS = YES_AGGRESSIVE;
				GCC_WARN_UNUSED_FUNCTION = YES;
				GCC_WARN_UNUSED_VARIABLE = YES;
				IPHONEOS_DEPLOYMENT_TARGET = 10.3;
				MTL_ENABLE_DEBUG_INFO = YES;
				ONLY_ACTIVE_ARCH = YES;
				SDKROOT = iphoneos;
			};
			name = Debug;
		};
		C47CA04D1F42DC910030BEC4 /* Release */ = {
			isa = XCBuildConfiguration;
			buildSettings = {
				ALWAYS_SEARCH_USER_PATHS = NO;
				CLANG_ANALYZER_NONNULL = YES;
				CLANG_ANALYZER_NUMBER_OBJECT_CONVERSION = YES_AGGRESSIVE;
				CLANG_CXX_LANGUAGE_STANDARD = "gnu++0x";
				CLANG_CXX_LIBRARY = "libc++";
				CLANG_ENABLE_MODULES = YES;
				CLANG_ENABLE_OBJC_ARC = YES;
				CLANG_WARN_BOOL_CONVERSION = YES;
				CLANG_WARN_CONSTANT_CONVERSION = YES;
				CLANG_WARN_DIRECT_OBJC_ISA_USAGE = YES_ERROR;
				CLANG_WARN_DOCUMENTATION_COMMENTS = YES;
				CLANG_WARN_EMPTY_BODY = YES;
				CLANG_WARN_ENUM_CONVERSION = YES;
				CLANG_WARN_INFINITE_RECURSION = YES;
				CLANG_WARN_INT_CONVERSION = YES;
				CLANG_WARN_OBJC_ROOT_CLASS = YES_ERROR;
				CLANG_WARN_SUSPICIOUS_MOVE = YES;
				CLANG_WARN_UNREACHABLE_CODE = YES;
				CLANG_WARN__DUPLICATE_METHOD_MATCH = YES;
				"CODE_SIGN_IDENTITY[sdk=iphoneos*]" = "iPhone Developer";
				COPY_PHASE_STRIP = NO;
				DEBUG_INFORMATION_FORMAT = "dwarf-with-dsym";
				ENABLE_NS_ASSERTIONS = NO;
				ENABLE_STRICT_OBJC_MSGSEND = YES;
				GCC_C_LANGUAGE_STANDARD = gnu99;
				GCC_NO_COMMON_BLOCKS = YES;
				GCC_WARN_64_TO_32_BIT_CONVERSION = YES;
				GCC_WARN_ABOUT_RETURN_TYPE = YES_ERROR;
				GCC_WARN_UNDECLARED_SELECTOR = YES;
				GCC_WARN_UNINITIALIZED_AUTOS = YES_AGGRESSIVE;
				GCC_WARN_UNUSED_FUNCTION = YES;
				GCC_WARN_UNUSED_VARIABLE = YES;
				IPHONEOS_DEPLOYMENT_TARGET = 10.3;
				MTL_ENABLE_DEBUG_INFO = NO;
				SDKROOT = iphoneos;
				VALIDATE_PRODUCT = YES;
			};
			name = Release;
		};
		C47CA04F1F42DC910030BEC4 /* Debug */ = {
			isa = XCBuildConfiguration;
			buildSettings = {
				ASSETCATALOG_COMPILER_APPICON_NAME = AppIcon;
				DEVELOPMENT_TEAM = 2SV488327T;
				INFOPLIST_FILE = TargetList/Info.plist;
				IPHONEOS_DEPLOYMENT_TARGET = 9.3;
				LD_RUNPATH_SEARCH_PATHS = "$(inherited) @executable_path/Frameworks";
				PRODUCT_BUNDLE_IDENTIFIER = com.jerry.TargetList;
				PRODUCT_NAME = "$(TARGET_NAME)";
			};
			name = Debug;
		};
		C47CA0501F42DC910030BEC4 /* Release */ = {
			isa = XCBuildConfiguration;
			buildSettings = {
				ASSETCATALOG_COMPILER_APPICON_NAME = AppIcon;
				DEVELOPMENT_TEAM = 2SV488327T;
				INFOPLIST_FILE = TargetList/Info.plist;
				IPHONEOS_DEPLOYMENT_TARGET = 9.3;
				LD_RUNPATH_SEARCH_PATHS = "$(inherited) @executable_path/Frameworks";
				PRODUCT_BUNDLE_IDENTIFIER = com.jerry.TargetList;
				PRODUCT_NAME = "$(TARGET_NAME)";
			};
			name = Release;
		};
/* End XCBuildConfiguration section */

/* Begin XCConfigurationList section */
		C47CA0321F42DC910030BEC4 /* Build configuration list for PBXProject "TargetList" */ = {
			isa = XCConfigurationList;
			buildConfigurations = (
				C47CA04C1F42DC910030BEC4 /* Debug */,
				C47CA04D1F42DC910030BEC4 /* Release */,
			);
			defaultConfigurationIsVisible = 0;
			defaultConfigurationName = Release;
		};
		C47CA04E1F42DC910030BEC4 /* Build configuration list for PBXNativeTarget "TargetList" */ = {
			isa = XCConfigurationList;
			buildConfigurations = (
				C47CA04F1F42DC910030BEC4 /* Debug */,
				C47CA0501F42DC910030BEC4 /* Release */,
			);
			defaultConfigurationIsVisible = 0;
		};
/* End XCConfigurationList section */
	};
	rootObject = C47CA02F1F42DC910030BEC4 /* Project object */;
}
